
Microsoft Visual Studio Solution File, Format Version 12.00
# Visual Studio Version 16
VisualStudioVersion = 16.0.30503.244
MinimumVisualStudioVersion = 10.0.40219.1
Project("{FAE04EC0-301F-11D3-BF4B-00C04F79EFBC}") = "LAB9", "LAB9\LAB9.csproj", "{706A8611-1D59-41D9-B364-CE7BDA245AF3}"
EndProject
Global
	GlobalSection(SolutionConfigurationPlatforms) = preSolution
		Debug|Any CPU = Debug|Any CPU
		Release|Any CPU = Release|Any CPU
	EndGlobalSection
	GlobalSection(ProjectConfigurationPlatforms) = postSolution
		{706A8611-1D59-41D9-B364-CE7BDA245AF3}.Debug|Any CPU.ActiveCfg = Debug|Any CPU
		{706A8611-1D59-41D9-B364-CE7BDA245AF3}.Debug|Any CPU.Build.0 = Debug|Any CPU
		{706A8611-1D59-41D9-B364-CE7BDA245AF3}.Release|Any CPU.ActiveCfg = Release|Any CPU
		{706A8611-1D59-41D9-B364-CE7BDA245AF3}.Release|Any CPU.Build.0 = Release|Any CPU
	EndGlobalSection
	GlobalSection(SolutionProperties) = preSolution
		HideSolutionNode = FALSE
	EndGlobalSection
	GlobalSection(ExtensibilityGlobals) = postSolution
		SolutionGuid = {F98F54C2-7B3D-439D-A2A9-AAA4E729E9E2}
	EndGlobalSection
EndGlobal
